
Microsoft Visual Studio Solution File, Format Version 12.00
Project("{FAE04EC0-301F-11D3-BF4B-00C04F79EFBC}") = "PermissionsAttributeTask.Main", "PermissionsAttributeTask.Main\PermissionsAttributeTask.Main.csproj", "{00E03A2D-A723-476D-AFDC-CA3C2B8046D2}"
EndProject
Project("{FAE04EC0-301F-11D3-BF4B-00C04F79EFBC}") = "PermissionsAttributeTask.DataAccess", "PermissionsAttributeTask.DataAccess\PermissionsAttributeTask.DataAccess.csproj", "{4D02FA84-108D-4C57-BBA7-815B3C31CABE}"
EndProject
Global
	GlobalSection(SolutionConfigurationPlatforms) = preSolution
		Debug|Any CPU = Debug|Any CPU
		Release|Any CPU = Release|Any CPU
	EndGlobalSection
	GlobalSection(ProjectConfigurationPlatforms) = postSolution
		{00E03A2D-A723-476D-AFDC-CA3C2B8046D2}.Debug|Any CPU.ActiveCfg = Debug|Any CPU
		{00E03A2D-A723-476D-AFDC-CA3C2B8046D2}.Debug|Any CPU.Build.0 = Debug|Any CPU
		{00E03A2D-A723-476D-AFDC-CA3C2B8046D2}.Release|Any CPU.ActiveCfg = Release|Any CPU
		{00E03A2D-A723-476D-AFDC-CA3C2B8046D2}.Release|Any CPU.Build.0 = Release|Any CPU
		{4D02FA84-108D-4C57-BBA7-815B3C31CABE}.Debug|Any CPU.ActiveCfg = Debug|Any CPU
		{4D02FA84-108D-4C57-BBA7-815B3C31CABE}.Debug|Any CPU.Build.0 = Debug|Any CPU
		{4D02FA84-108D-4C57-BBA7-815B3C31CABE}.Release|Any CPU.ActiveCfg = Release|Any CPU
		{4D02FA84-108D-4C57-BBA7-815B3C31CABE}.Release|Any CPU.Build.0 = Release|Any CPU
	EndGlobalSection
EndGlobal
